{
  "version": 4,
  "terraform_version": "0.12.24",
  "serial": 219,
  "lineage": "8b8be429-c910-38ae-39ed-ad9c966e06eb",
  "outputs": {},
  "resources": [
    {
      "mode": "data",
      "type": "archive_file",
      "name": "ec2_scheduler_zip",
      "provider": "provider.archive",
      "instances": [
        {
          "schema_version": 0,
          "attributes": {
            "excludes": null,
            "id": "5323b572cd0a80cc0770a4adca6e170843d7d4bc",
            "output_base64sha256": "f/pF47cGbQjf1C8+JKheCd0yhDNTOJEpYBpeMiOgeVY=",
            "output_md5": "04a581cbb33443a6eaf7594ef9437782",
            "output_path": "./output/ec2_scheduler.zip",
            "output_sha": "5323b572cd0a80cc0770a4adca6e170843d7d4bc",
            "output_size": 1262,
            "source": [],
            "source_content": null,
            "source_content_filename": null,
            "source_dir": null,
            "source_file": "./lambda/ec2_scheduler.py",
            "type": "zip"
          }
        }
      ]
    },
    {
      "mode": "managed",
      "type": "aws_cloudwatch_event_rule",
      "name": "ec2_start_cloudwatch_rule",
      "each": "list",
      "provider": "provider.aws",
      "instances": [
        {
          "index_key": 0,
          "schema_version": 0,
          "attributes": {
            "arn": "arn:aws:events:eu-west-1:324382802360:rule/scheduler_ec2_start_lambda_trigger",
            "description": "",
            "event_pattern": null,
            "id": "scheduler_ec2_start_lambda_trigger",
            "is_enabled": true,
            "name": "scheduler_ec2_start_lambda_trigger",
            "name_prefix": null,
            "role_arn": "",
            "schedule_expression": "cron(0 7 ? * MON-FRI *)",
            "tags": null
          },
          "private": "bnVsbA=="
        }
      ]
    },
    {
      "mode": "managed",
      "type": "aws_cloudwatch_event_rule",
      "name": "ec2_stop_cloudwatch_rule",
      "each": "list",
      "provider": "provider.aws",
      "instances": [
        {
          "index_key": 0,
          "schema_version": 0,
          "attributes": {
            "arn": "arn:aws:events:eu-west-1:324382802360:rule/scheduler_ec2_stop_lambda_trigger",
            "description": "",
            "event_pattern": null,
            "id": "scheduler_ec2_stop_lambda_trigger",
            "is_enabled": true,
            "name": "scheduler_ec2_stop_lambda_trigger",
            "name_prefix": null,
            "role_arn": "",
            "schedule_expression": "cron(0 21 ? * MON-FRI *)",
            "tags": null
          },
          "private": "bnVsbA=="
        }
      ]
    },
    {
      "mode": "managed",
      "type": "aws_cloudwatch_event_target",
      "name": "ec2_start_lambda",
      "each": "list",
      "provider": "provider.aws",
      "instances": [
        {
          "index_key": 0,
          "schema_version": 0,
          "attributes": {
            "arn": "arn:aws:lambda:eu-west-1:324382802360:function:scheduler_ec2_start",
            "batch_target": [],
            "ecs_target": [],
            "id": "scheduler_ec2_start_lambda_trigger-lambda_target",
            "input": "",
            "input_path": "",
            "input_transformer": [],
            "kinesis_target": [],
            "role_arn": "",
            "rule": "scheduler_ec2_start_lambda_trigger",
            "run_command_targets": [],
            "sqs_target": [],
            "target_id": "lambda_target"
          },
          "private": "bnVsbA==",
          "dependencies": [
            "aws_cloudwatch_event_rule.ec2_start_cloudwatch_rule",
            "aws_iam_role.iam_role_for_ec2_start_stop",
            "aws_lambda_function.ec2_start"
          ]
        }
      ]
    },
    {
      "mode": "managed",
      "type": "aws_cloudwatch_event_target",
      "name": "ec2_stop_lambda",
      "each": "list",
      "provider": "provider.aws",
      "instances": [
        {
          "index_key": 0,
          "schema_version": 0,
          "attributes": {
            "arn": "arn:aws:lambda:eu-west-1:324382802360:function:scheduler_ec2_stop",
            "batch_target": [],
            "ecs_target": [],
            "id": "scheduler_ec2_stop_lambda_trigger-lambda_target",
            "input": "",
            "input_path": "",
            "input_transformer": [],
            "kinesis_target": [],
            "role_arn": "",
            "rule": "scheduler_ec2_stop_lambda_trigger",
            "run_command_targets": [],
            "sqs_target": [],
            "target_id": "lambda_target"
          },
          "private": "bnVsbA==",
          "dependencies": [
            "aws_cloudwatch_event_rule.ec2_stop_cloudwatch_rule",
            "aws_iam_role.iam_role_for_ec2_start_stop",
            "aws_lambda_function.ec2_stop"
          ]
        }
      ]
    },
    {
      "mode": "managed",
      "type": "aws_iam_role",
      "name": "iam_role_for_ec2_start_stop",
      "each": "list",
      "provider": "provider.aws",
      "instances": [
        {
          "index_key": 0,
          "schema_version": 0,
          "attributes": {
            "arn": "arn:aws:iam::324382802360:role/scheduler_iam_role_ec2_start_stop",
            "assume_role_policy": "{\"Version\":\"2012-10-17\",\"Statement\":[{\"Sid\":\"\",\"Effect\":\"Allow\",\"Principal\":{\"Service\":[\"ec2.amazonaws.com\",\"lambda.amazonaws.com\"]},\"Action\":\"sts:AssumeRole\"}]}",
            "create_date": "2020-07-01T19:03:41Z",
            "description": "",
            "force_detach_policies": false,
            "id": "scheduler_iam_role_ec2_start_stop",
            "max_session_duration": 3600,
            "name": "scheduler_iam_role_ec2_start_stop",
            "name_prefix": null,
            "path": "/",
            "permissions_boundary": null,
            "tags": null,
            "unique_id": "AROAUXBVYYG4GOHBS4M67"
          },
          "private": "bnVsbA=="
        }
      ]
    },
    {
      "mode": "managed",
      "type": "aws_iam_role_policy",
      "name": "iam_role_policy_for_ec2_start_stop",
      "each": "list",
      "provider": "provider.aws",
      "instances": [
        {
          "index_key": 0,
          "schema_version": 0,
          "attributes": {
            "id": "scheduler_iam_role_ec2_start_stop:ExecuteLambda",
            "name": "ExecuteLambda",
            "name_prefix": null,
            "policy": "{\n    \"Version\": \"2012-10-17\",\n    \"Statement\": [\n        {\n            \"Effect\": \"Allow\",\n            \"Action\": [\n                \"autoscaling:*\",\n                \"ec2:DescribeInstanceStatus\",\n                \"ec2:DescribeInstances\",\n                \"ec2:StartInstances\",\n                \"ec2:StopInstances\"\n            ],\n            \"Resource\": \"*\"\n        },\n        {\n            \"Effect\": \"Allow\",\n            \"Action\": [\n                \"cloudwatch:ListMetrics\",\n                \"cloudwatch:GetMetricStatistics\",\n                \"cloudwatch:Describe*\"\n            ],\n            \"Resource\": \"*\"\n        },\n        {\n            \"Effect\": \"Allow\",\n            \"Action\": [\n                \"iam:Get*\",\n                \"iam:List*\"\n            ],\n            \"Resource\": \"*\"\n        },\n        {\n            \"Effect\": \"Allow\",\n            \"Action\": \"kms:*\",\n            \"Resource\": \"*\"\n        },\n        {\n            \"Effect\": \"Allow\",\n            \"Action\": [\n                \"logs:CreateLogGroup\",\n                \"logs:CreateLogStream\",\n                \"logs:PutLogEvents\"\n            ],\n            \"Resource\": \"*\"\n        }\n    ]\n}\n",
            "role": "scheduler_iam_role_ec2_start_stop"
          },
          "private": "bnVsbA==",
          "dependencies": [
            "aws_iam_role.iam_role_for_ec2_start_stop"
          ]
        }
      ]
    },
    {
      "mode": "managed",
      "type": "aws_lambda_function",
      "name": "ec2_start",
      "each": "list",
      "provider": "provider.aws",
      "instances": [
        {
          "index_key": 0,
          "schema_version": 0,
          "attributes": {
            "arn": "arn:aws:lambda:eu-west-1:324382802360:function:scheduler_ec2_start",
            "dead_letter_config": [],
            "description": "",
            "environment": [
              {
                "variables": {
                  "REGION": "eu-west-1"
                }
              }
            ],
            "file_system_config": [],
            "filename": "./output/ec2_scheduler.zip",
            "function_name": "scheduler_ec2_start",
            "handler": "ec2_scheduler.start_lambda_handler",
            "id": "scheduler_ec2_start",
            "invoke_arn": "arn:aws:apigateway:eu-west-1:lambda:path/2015-03-31/functions/arn:aws:lambda:eu-west-1:324382802360:function:scheduler_ec2_start/invocations",
            "kms_key_arn": "",
            "last_modified": "2020-07-01T19:04:04.545+0000",
            "layers": null,
            "memory_size": 512,
            "publish": false,
            "qualified_arn": "arn:aws:lambda:eu-west-1:324382802360:function:scheduler_ec2_start:$LATEST",
            "reserved_concurrent_executions": -1,
            "role": "arn:aws:iam::324382802360:role/scheduler_iam_role_ec2_start_stop",
            "runtime": "python3.7",
            "s3_bucket": null,
            "s3_key": null,
            "s3_object_version": null,
            "source_code_hash": "f/pF47cGbQjf1C8+JKheCd0yhDNTOJEpYBpeMiOgeVY=",
            "source_code_size": 1262,
            "tags": null,
            "timeout": 150,
            "timeouts": null,
            "tracing_config": [
              {
                "mode": "PassThrough"
              }
            ],
            "version": "$LATEST",
            "vpc_config": []
          },
          "private": "eyJlMmJmYjczMC1lY2FhLTExZTYtOGY4OC0zNDM2M2JjN2M0YzAiOnsiY3JlYXRlIjo2MDAwMDAwMDAwMDB9fQ==",
          "dependencies": [
            "aws_iam_role.iam_role_for_ec2_start_stop"
          ]
        }
      ]
    },
    {
      "mode": "managed",
      "type": "aws_lambda_function",
      "name": "ec2_stop",
      "each": "list",
      "provider": "provider.aws",
      "instances": [
        {
          "index_key": 0,
          "schema_version": 0,
          "attributes": {
            "arn": "arn:aws:lambda:eu-west-1:324382802360:function:scheduler_ec2_stop",
            "dead_letter_config": [],
            "description": "",
            "environment": [
              {
                "variables": {
                  "REGION": "eu-west-1"
                }
              }
            ],
            "file_system_config": [],
            "filename": "./output/ec2_scheduler.zip",
            "function_name": "scheduler_ec2_stop",
            "handler": "ec2_scheduler.stop_lambda_handler",
            "id": "scheduler_ec2_stop",
            "invoke_arn": "arn:aws:apigateway:eu-west-1:lambda:path/2015-03-31/functions/arn:aws:lambda:eu-west-1:324382802360:function:scheduler_ec2_stop/invocations",
            "kms_key_arn": "",
            "last_modified": "2020-07-01T19:03:58.813+0000",
            "layers": null,
            "memory_size": 512,
            "publish": false,
            "qualified_arn": "arn:aws:lambda:eu-west-1:324382802360:function:scheduler_ec2_stop:$LATEST",
            "reserved_concurrent_executions": -1,
            "role": "arn:aws:iam::324382802360:role/scheduler_iam_role_ec2_start_stop",
            "runtime": "python3.7",
            "s3_bucket": null,
            "s3_key": null,
            "s3_object_version": null,
            "source_code_hash": "f/pF47cGbQjf1C8+JKheCd0yhDNTOJEpYBpeMiOgeVY=",
            "source_code_size": 1262,
            "tags": null,
            "timeout": 150,
            "timeouts": null,
            "tracing_config": [
              {
                "mode": "PassThrough"
              }
            ],
            "version": "$LATEST",
            "vpc_config": []
          },
          "private": "eyJlMmJmYjczMC1lY2FhLTExZTYtOGY4OC0zNDM2M2JjN2M0YzAiOnsiY3JlYXRlIjo2MDAwMDAwMDAwMDB9fQ==",
          "dependencies": [
            "aws_iam_role.iam_role_for_ec2_start_stop"
          ]
        }
      ]
    },
    {
      "mode": "managed",
      "type": "aws_lambda_permission",
      "name": "allow_cloudwatch_ec2_start",
      "each": "list",
      "provider": "provider.aws",
      "instances": [
        {
          "index_key": 0,
          "schema_version": 0,
          "attributes": {
            "action": "lambda:InvokeFunction",
            "event_source_token": null,
            "function_name": "scheduler_ec2_start",
            "id": "AllowExecutionFromCloudWatch",
            "principal": "events.amazonaws.com",
            "qualifier": "",
            "source_account": null,
            "source_arn": "arn:aws:events:eu-west-1:324382802360:rule/scheduler_ec2_start_lambda_trigger",
            "statement_id": "AllowExecutionFromCloudWatch",
            "statement_id_prefix": null
          },
          "private": "bnVsbA==",
          "dependencies": [
            "aws_cloudwatch_event_rule.ec2_start_cloudwatch_rule",
            "aws_iam_role.iam_role_for_ec2_start_stop",
            "aws_lambda_function.ec2_start"
          ]
        }
      ]
    },
    {
      "mode": "managed",
      "type": "aws_lambda_permission",
      "name": "allow_cloudwatch_ec2_stop",
      "each": "list",
      "provider": "provider.aws",
      "instances": [
        {
          "index_key": 0,
          "schema_version": 0,
          "attributes": {
            "action": "lambda:InvokeFunction",
            "event_source_token": null,
            "function_name": "scheduler_ec2_stop",
            "id": "AllowExecutionFromCloudWatch",
            "principal": "events.amazonaws.com",
            "qualifier": "",
            "source_account": null,
            "source_arn": "arn:aws:events:eu-west-1:324382802360:rule/scheduler_ec2_stop_lambda_trigger",
            "statement_id": "AllowExecutionFromCloudWatch",
            "statement_id_prefix": null
          },
          "private": "bnVsbA==",
          "dependencies": [
            "aws_cloudwatch_event_rule.ec2_stop_cloudwatch_rule",
            "aws_iam_role.iam_role_for_ec2_start_stop",
            "aws_lambda_function.ec2_stop"
          ]
        }
      ]
    }
  ]
}
